
Microsoft Visual Studio Solution File, Format Version 12.00
# Visual Studio Version 17
VisualStudioVersion = 17.13.35806.99
MinimumVisualStudioVersion = 10.0.40219.1
Project("{2150E333-8FDC-42A3-9474-1A3956D46DE8}") = "clean-architecture", "clean-architecture", "{49EC753C-98C4-48C2-A95F-84F26D555444}"
EndProject
Project("{2150E333-8FDC-42A3-9474-1A3956D46DE8}") = "src", "src", "{59C05B4D-1E32-4331-BE5E-CA7C1F375F95}"
EndProject
Project("{2150E333-8FDC-42A3-9474-1A3956D46DE8}") = "test", "test", "{1196BE45-B8E8-4545-99D5-C7F9C3FA9B77}"
EndProject
Project("{2150E333-8FDC-42A3-9474-1A3956D46DE8}") = "Core", "Core", "{DA355F1B-3FB0-41DB-A326-EBF956A5A66F}"
EndProject
Project("{2150E333-8FDC-42A3-9474-1A3956D46DE8}") = "Infrastructure", "Infrastructure", "{9DD21159-EBD7-4F62-A4ED-BCD482A03568}"
EndProject
Project("{2150E333-8FDC-42A3-9474-1A3956D46DE8}") = "API", "API", "{B57EC272-E9B8-44BE-BA7D-CB228816BC5C}"
EndProject
Project("{FAE04EC0-301F-11D3-BF4B-00C04F79EFBC}") = "App.Domain", "App.Domain\App.Domain.csproj", "{A871DAE0-E1C0-4F67-B0F0-50642392E98C}"
EndProject
Project("{FAE04EC0-301F-11D3-BF4B-00C04F79EFBC}") = "App.Persistence", "App.Persistence\App.Persistence.csproj", "{9911E0F4-850A-483E-8DBD-025A82B2F865}"
EndProject
Project("{FAE04EC0-301F-11D3-BF4B-00C04F79EFBC}") = "CleanApp.API", "CleanApp.API\CleanApp.API.csproj", "{209C0497-D065-4DA6-ADDE-69824B241F34}"
EndProject
Project("{FAE04EC0-301F-11D3-BF4B-00C04F79EFBC}") = "App.Application", "App.Application\App.Application.csproj", "{29A40D0F-9189-2FAD-58BA-BB372C8F70EE}"
EndProject
Project("{FAE04EC0-301F-11D3-BF4B-00C04F79EFBC}") = "App.Caching", "App.Caching\App.Caching.csproj", "{8411CBA7-663F-4ACF-A72A-20DCA0C2C7D5}"
EndProject
Global
	GlobalSection(SolutionConfigurationPlatforms) = preSolution
		Debug|Any CPU = Debug|Any CPU
		Release|Any CPU = Release|Any CPU
	EndGlobalSection
	GlobalSection(ProjectConfigurationPlatforms) = postSolution
		{A871DAE0-E1C0-4F67-B0F0-50642392E98C}.Debug|Any CPU.ActiveCfg = Debug|Any CPU
		{A871DAE0-E1C0-4F67-B0F0-50642392E98C}.Debug|Any CPU.Build.0 = Debug|Any CPU
		{A871DAE0-E1C0-4F67-B0F0-50642392E98C}.Release|Any CPU.ActiveCfg = Release|Any CPU
		{A871DAE0-E1C0-4F67-B0F0-50642392E98C}.Release|Any CPU.Build.0 = Release|Any CPU
		{9911E0F4-850A-483E-8DBD-025A82B2F865}.Debug|Any CPU.ActiveCfg = Debug|Any CPU
		{9911E0F4-850A-483E-8DBD-025A82B2F865}.Debug|Any CPU.Build.0 = Debug|Any CPU
		{9911E0F4-850A-483E-8DBD-025A82B2F865}.Release|Any CPU.ActiveCfg = Release|Any CPU
		{9911E0F4-850A-483E-8DBD-025A82B2F865}.Release|Any CPU.Build.0 = Release|Any CPU
		{209C0497-D065-4DA6-ADDE-69824B241F34}.Debug|Any CPU.ActiveCfg = Debug|Any CPU
		{209C0497-D065-4DA6-ADDE-69824B241F34}.Debug|Any CPU.Build.0 = Debug|Any CPU
		{209C0497-D065-4DA6-ADDE-69824B241F34}.Release|Any CPU.ActiveCfg = Release|Any CPU
		{209C0497-D065-4DA6-ADDE-69824B241F34}.Release|Any CPU.Build.0 = Release|Any CPU
		{29A40D0F-9189-2FAD-58BA-BB372C8F70EE}.Debug|Any CPU.ActiveCfg = Debug|Any CPU
		{29A40D0F-9189-2FAD-58BA-BB372C8F70EE}.Debug|Any CPU.Build.0 = Debug|Any CPU
		{29A40D0F-9189-2FAD-58BA-BB372C8F70EE}.Release|Any CPU.ActiveCfg = Release|Any CPU
		{29A40D0F-9189-2FAD-58BA-BB372C8F70EE}.Release|Any CPU.Build.0 = Release|Any CPU
		{8411CBA7-663F-4ACF-A72A-20DCA0C2C7D5}.Debug|Any CPU.ActiveCfg = Debug|Any CPU
		{8411CBA7-663F-4ACF-A72A-20DCA0C2C7D5}.Debug|Any CPU.Build.0 = Debug|Any CPU
		{8411CBA7-663F-4ACF-A72A-20DCA0C2C7D5}.Release|Any CPU.ActiveCfg = Release|Any CPU
		{8411CBA7-663F-4ACF-A72A-20DCA0C2C7D5}.Release|Any CPU.Build.0 = Release|Any CPU
	EndGlobalSection
	GlobalSection(SolutionProperties) = preSolution
		HideSolutionNode = FALSE
	EndGlobalSection
	GlobalSection(NestedProjects) = preSolution
		{59C05B4D-1E32-4331-BE5E-CA7C1F375F95} = {49EC753C-98C4-48C2-A95F-84F26D555444}
		{1196BE45-B8E8-4545-99D5-C7F9C3FA9B77} = {49EC753C-98C4-48C2-A95F-84F26D555444}
		{DA355F1B-3FB0-41DB-A326-EBF956A5A66F} = {59C05B4D-1E32-4331-BE5E-CA7C1F375F95}
		{9DD21159-EBD7-4F62-A4ED-BCD482A03568} = {59C05B4D-1E32-4331-BE5E-CA7C1F375F95}
		{B57EC272-E9B8-44BE-BA7D-CB228816BC5C} = {59C05B4D-1E32-4331-BE5E-CA7C1F375F95}
		{A871DAE0-E1C0-4F67-B0F0-50642392E98C} = {DA355F1B-3FB0-41DB-A326-EBF956A5A66F}
		{9911E0F4-850A-483E-8DBD-025A82B2F865} = {9DD21159-EBD7-4F62-A4ED-BCD482A03568}
		{209C0497-D065-4DA6-ADDE-69824B241F34} = {B57EC272-E9B8-44BE-BA7D-CB228816BC5C}
		{29A40D0F-9189-2FAD-58BA-BB372C8F70EE} = {DA355F1B-3FB0-41DB-A326-EBF956A5A66F}
		{8411CBA7-663F-4ACF-A72A-20DCA0C2C7D5} = {9DD21159-EBD7-4F62-A4ED-BCD482A03568}
	EndGlobalSection
	GlobalSection(ExtensibilityGlobals) = postSolution
		SolutionGuid = {16966F9C-5AC4-424A-972B-99F3746EC319}
	EndGlobalSection
EndGlobal
